{
  "originHash" : "2796adf0d399f672675dc2980142b823275aa40bad87d98471acff06f2b80386",
  "pins" : [
    {
      "identity" : "vlcui",
      "kind" : "remoteSourceControl",
      "location" : "https://github.com/LePips/VLCUI",
      "state" : {
        "revision" : "e1449ec0a5ceda8f79c3d634fdd59e16b37bc151",
        "version" : "0.8.1"
      }
    }
  ],
  "version" : 3
}
